
Microsoft Visual Studio Solution File, Format Version 12.00
# Visual Studio Version 17
VisualStudioVersion = 17.8.34330.188
MinimumVisualStudioVersion = 10.0.40219.1
Project("{FAE04EC0-301F-11D3-BF4B-00C04F79EFBC}") = "BrutalStorm", "BrutalStorm.csproj", "{41168101-0CCA-45AD-A450-950FC2CB65B8}"
EndProject
Global
	GlobalSection(SolutionConfigurationPlatforms) = preSolution
		Debug|Any CPU = Debug|Any CPU
		Release|Any CPU = Release|Any CPU
	EndGlobalSection
	GlobalSection(ProjectConfigurationPlatforms) = postSolution
		{41168101-0CCA-45AD-A450-950FC2CB65B8}.Debug|Any CPU.ActiveCfg = Debug|Any CPU
		{41168101-0CCA-45AD-A450-950FC2CB65B8}.Debug|Any CPU.Build.0 = Debug|Any CPU
		{41168101-0CCA-45AD-A450-950FC2CB65B8}.Release|Any CPU.ActiveCfg = Release|Any CPU
		{41168101-0CCA-45AD-A450-950FC2CB65B8}.Release|Any CPU.Build.0 = Release|Any CPU
	EndGlobalSection
	GlobalSection(SolutionProperties) = preSolution
		HideSolutionNode = FALSE
	EndGlobalSection
	GlobalSection(ExtensibilityGlobals) = postSolution
		SolutionGuid = {ADF79287-69FA-4EF6-8C19-72ADA3E19581}
	EndGlobalSection
EndGlobal
